// !$*UTF8*$!
{
	archiveVersion = 1;
	classes = {
	};
	objectVersion = 55;
	objects = {

/* Begin PBXBuildFile section */
		0E3ECB5828068F040070FA90 /* PreviousWeather.framework in Frameworks */ = {isa = PBXBuildFile; fileRef = 0E3ECB5728068F040070FA90 /* PreviousWeather.framework */; };
		0E3ECB5C28068F0A0070FA90 /* CurrentWeather.framework in Frameworks */ = {isa = PBXBuildFile; fileRef = 0E3ECB5B28068F0A0070FA90 /* CurrentWeather.framework */; };
		0E3ECB5F28068F100070FA90 /* Data.framework in Frameworks */ = {isa = PBXBuildFile; fileRef = 0E3ECB5E28068F100070FA90 /* Data.framework */; };
		0EC3B73228067D02005A6A3E /* BayTestApp.swift in Sources */ = {isa = PBXBuildFile; fileRef = 0EC3B73128067D02005A6A3E /* BayTestApp.swift */; };
		0EC3B73428067D02005A6A3E /* ContentView.swift in Sources */ = {isa = PBXBuildFile; fileRef = 0EC3B73328067D02005A6A3E /* ContentView.swift */; };
		0EC3B73628067D07005A6A3E /* Assets.xcassets in Resources */ = {isa = PBXBuildFile; fileRef = 0EC3B73528067D07005A6A3E /* Assets.xcassets */; };
		0EC3B73928067D07005A6A3E /* Preview Assets.xcassets in Resources */ = {isa = PBXBuildFile; fileRef = 0EC3B73828067D07005A6A3E /* Preview Assets.xcassets */; };
		0EC3B74328067D08005A6A3E /* BayTestTests.swift in Sources */ = {isa = PBXBuildFile; fileRef = 0EC3B74228067D08005A6A3E /* BayTestTests.swift */; };
		0EC3B74D28067D08005A6A3E /* BayTestUITests.swift in Sources */ = {isa = PBXBuildFile; fileRef = 0EC3B74C28067D08005A6A3E /* BayTestUITests.swift */; };
		0EC3B74F28067D08005A6A3E /* BayTestUITestsLaunchTests.swift in Sources */ = {isa = PBXBuildFile; fileRef = 0EC3B74E28067D08005A6A3E /* BayTestUITestsLaunchTests.swift */; };
		0EC3B78028068232005A6A3E /* Core.framework in Frameworks */ = {isa = PBXBuildFile; fileRef = 0EC3B77F28068232005A6A3E /* Core.framework */; };
		64BE26C2BC403390EA5FEE98 /* Pods_BayTest_BayTestUITests.framework in Frameworks */ = {isa = PBXBuildFile; fileRef = 1E123AA873F2F58C87FA4C76 /* Pods_BayTest_BayTestUITests.framework */; };
		848B6C1CADEAB90008CDC7CD /* Pods_BayTest.framework in Frameworks */ = {isa = PBXBuildFile; fileRef = 348B55CC49AF7BD04EC4BDD0 /* Pods_BayTest.framework */; };
		E0953960BF292ADBB68098D6 /* Pods_BayTestTests.framework in Frameworks */ = {isa = PBXBuildFile; fileRef = F2C58E41785604CA723E451B /* Pods_BayTestTests.framework */; };
/* End PBXBuildFile section */

/* Begin PBXContainerItemProxy section */
		0EC3B73F28067D08005A6A3E /* PBXContainerItemProxy */ = {
			isa = PBXContainerItemProxy;
			containerPortal = 0EC3B72628067D02005A6A3E /* Project object */;
			proxyType = 1;
			remoteGlobalIDString = 0EC3B72D28067D02005A6A3E;
			remoteInfo = BayTest;
		};
		0EC3B74928067D08005A6A3E /* PBXContainerItemProxy */ = {
			isa = PBXContainerItemProxy;
			containerPortal = 0EC3B72628067D02005A6A3E /* Project object */;
			proxyType = 1;
			remoteGlobalIDString = 0EC3B72D28067D02005A6A3E;
			remoteInfo = BayTest;
		};
/* End PBXContainerItemProxy section */

/* Begin PBXFileReference section */
		0A5767C3F5DBE206CB6D9E4D /* Pods-BayTest.release.xcconfig */ = {isa = PBXFileReference; includeInIndex = 1; lastKnownFileType = text.xcconfig; name = "Pods-BayTest.release.xcconfig"; path = "Target Support Files/Pods-BayTest/Pods-BayTest.release.xcconfig"; sourceTree = "<group>"; };
		0E3ECB5728068F040070FA90 /* PreviousWeather.framework */ = {isa = PBXFileReference; explicitFileType = wrapper.framework; path = PreviousWeather.framework; sourceTree = BUILT_PRODUCTS_DIR; };
		0E3ECB5B28068F0A0070FA90 /* CurrentWeather.framework */ = {isa = PBXFileReference; explicitFileType = wrapper.framework; path = CurrentWeather.framework; sourceTree = BUILT_PRODUCTS_DIR; };
		0E3ECB5E28068F100070FA90 /* Data.framework */ = {isa = PBXFileReference; explicitFileType = wrapper.framework; path = Data.framework; sourceTree = BUILT_PRODUCTS_DIR; };
		0EC3B72E28067D02005A6A3E /* BayTest.app */ = {isa = PBXFileReference; explicitFileType = wrapper.application; includeInIndex = 0; path = BayTest.app; sourceTree = BUILT_PRODUCTS_DIR; };
		0EC3B73128067D02005A6A3E /* BayTestApp.swift */ = {isa = PBXFileReference; lastKnownFileType = sourcecode.swift; path = BayTestApp.swift; sourceTree = "<group>"; };
		0EC3B73328067D02005A6A3E /* ContentView.swift */ = {isa = PBXFileReference; lastKnownFileType = sourcecode.swift; path = ContentView.swift; sourceTree = "<group>"; };
		0EC3B73528067D07005A6A3E /* Assets.xcassets */ = {isa = PBXFileReference; lastKnownFileType = folder.assetcatalog; path = Assets.xcassets; sourceTree = "<group>"; };
		0EC3B73828067D07005A6A3E /* Preview Assets.xcassets */ = {isa = PBXFileReference; lastKnownFileType = folder.assetcatalog; path = "Preview Assets.xcassets"; sourceTree = "<group>"; };
		0EC3B73E28067D08005A6A3E /* BayTestTests.xctest */ = {isa = PBXFileReference; explicitFileType = wrapper.cfbundle; includeInIndex = 0; path = BayTestTests.xctest; sourceTree = BUILT_PRODUCTS_DIR; };
		0EC3B74228067D08005A6A3E /* BayTestTests.swift */ = {isa = PBXFileReference; lastKnownFileType = sourcecode.swift; path = BayTestTests.swift; sourceTree = "<group>"; };
		0EC3B74828067D08005A6A3E /* BayTestUITests.xctest */ = {isa = PBXFileReference; explicitFileType = wrapper.cfbundle; includeInIndex = 0; path = BayTestUITests.xctest; sourceTree = BUILT_PRODUCTS_DIR; };
		0EC3B74C28067D08005A6A3E /* BayTestUITests.swift */ = {isa = PBXFileReference; lastKnownFileType = sourcecode.swift; path = BayTestUITests.swift; sourceTree = "<group>"; };
		0EC3B74E28067D08005A6A3E /* BayTestUITestsLaunchTests.swift */ = {isa = PBXFileReference; lastKnownFileType = sourcecode.swift; path = BayTestUITestsLaunchTests.swift; sourceTree = "<group>"; };
		0EC3B77F28068232005A6A3E /* Core.framework */ = {isa = PBXFileReference; explicitFileType = wrapper.framework; path = Core.framework; sourceTree = BUILT_PRODUCTS_DIR; };
		15CA1F55421CCDAAA6DC64A4 /* Pods-BayTest-BayTestUITests.release.xcconfig */ = {isa = PBXFileReference; includeInIndex = 1; lastKnownFileType = text.xcconfig; name = "Pods-BayTest-BayTestUITests.release.xcconfig"; path = "Target Support Files/Pods-BayTest-BayTestUITests/Pods-BayTest-BayTestUITests.release.xcconfig"; sourceTree = "<group>"; };
		1A0304E148E4F4CBDB833AD2 /* Pods-BayTestTests.release.xcconfig */ = {isa = PBXFileReference; includeInIndex = 1; lastKnownFileType = text.xcconfig; name = "Pods-BayTestTests.release.xcconfig"; path = "Target Support Files/Pods-BayTestTests/Pods-BayTestTests.release.xcconfig"; sourceTree = "<group>"; };
		1E123AA873F2F58C87FA4C76 /* Pods_BayTest_BayTestUITests.framework */ = {isa = PBXFileReference; explicitFileType = wrapper.framework; includeInIndex = 0; path = Pods_BayTest_BayTestUITests.framework; sourceTree = BUILT_PRODUCTS_DIR; };
		348B55CC49AF7BD04EC4BDD0 /* Pods_BayTest.framework */ = {isa = PBXFileReference; explicitFileType = wrapper.framework; includeInIndex = 0; path = Pods_BayTest.framework; sourceTree = BUILT_PRODUCTS_DIR; };
		6BAA756C32EAD419E807B001 /* Pods-BayTest.debug.xcconfig */ = {isa = PBXFileReference; includeInIndex = 1; lastKnownFileType = text.xcconfig; name = "Pods-BayTest.debug.xcconfig"; path = "Target Support Files/Pods-BayTest/Pods-BayTest.debug.xcconfig"; sourceTree = "<group>"; };
		98AF1F6472844464D6DF8B8E /* Pods-BayTestTests.debug.xcconfig */ = {isa = PBXFileReference; includeInIndex = 1; lastKnownFileType = text.xcconfig; name = "Pods-BayTestTests.debug.xcconfig"; path = "Target Support Files/Pods-BayTestTests/Pods-BayTestTests.debug.xcconfig"; sourceTree = "<group>"; };
		C3955639D858FE6052EDA864 /* Pods-BayTest-BayTestUITests.debug.xcconfig */ = {isa = PBXFileReference; includeInIndex = 1; lastKnownFileType = text.xcconfig; name = "Pods-BayTest-BayTestUITests.debug.xcconfig"; path = "Target Support Files/Pods-BayTest-BayTestUITests/Pods-BayTest-BayTestUITests.debug.xcconfig"; sourceTree = "<group>"; };
		F2C58E41785604CA723E451B /* Pods_BayTestTests.framework */ = {isa = PBXFileReference; explicitFileType = wrapper.framework; includeInIndex = 0; path = Pods_BayTestTests.framework; sourceTree = BUILT_PRODUCTS_DIR; };
/* End PBXFileReference section */

/* Begin PBXFrameworksBuildPhase section */
		0EC3B72B28067D02005A6A3E /* Frameworks */ = {
			isa = PBXFrameworksBuildPhase;
			buildActionMask = 2147483647;
			files = (
				0E3ECB5828068F040070FA90 /* PreviousWeather.framework in Frameworks */,
				848B6C1CADEAB90008CDC7CD /* Pods_BayTest.framework in Frameworks */,
				0EC3B78028068232005A6A3E /* Core.framework in Frameworks */,
				0E3ECB5F28068F100070FA90 /* Data.framework in Frameworks */,
				0E3ECB5C28068F0A0070FA90 /* CurrentWeather.framework in Frameworks */,
			);
			runOnlyForDeploymentPostprocessing = 0;
		};
		0EC3B73B28067D08005A6A3E /* Frameworks */ = {
			isa = PBXFrameworksBuildPhase;
			buildActionMask = 2147483647;
			files = (
				E0953960BF292ADBB68098D6 /* Pods_BayTestTests.framework in Frameworks */,
			);
			runOnlyForDeploymentPostprocessing = 0;
		};
		0EC3B74528067D08005A6A3E /* Frameworks */ = {
			isa = PBXFrameworksBuildPhase;
			buildActionMask = 2147483647;
			files = (
				64BE26C2BC403390EA5FEE98 /* Pods_BayTest_BayTestUITests.framework in Frameworks */,
			);
			runOnlyForDeploymentPostprocessing = 0;
		};
/* End PBXFrameworksBuildPhase section */

/* Begin PBXGroup section */
		0EC3B72528067D02005A6A3E = {
			isa = PBXGroup;
			children = (
				0EC3B73028067D02005A6A3E /* BayTest */,
				0EC3B74128067D08005A6A3E /* BayTestTests */,
				0EC3B74B28067D08005A6A3E /* BayTestUITests */,
				0EC3B72F28067D02005A6A3E /* Products */,
				FA7583E57EF35399910AC9A5 /* Pods */,
				79771D3112768E1DC6267AAC /* Frameworks */,
			);
			sourceTree = "<group>";
		};
		0EC3B72F28067D02005A6A3E /* Products */ = {
			isa = PBXGroup;
			children = (
				0EC3B72E28067D02005A6A3E /* BayTest.app */,
				0EC3B73E28067D08005A6A3E /* BayTestTests.xctest */,
				0EC3B74828067D08005A6A3E /* BayTestUITests.xctest */,
			);
			name = Products;
			sourceTree = "<group>";
		};
		0EC3B73028067D02005A6A3E /* BayTest */ = {
			isa = PBXGroup;
			children = (
				0EC3B73128067D02005A6A3E /* BayTestApp.swift */,
				0EC3B73328067D02005A6A3E /* ContentView.swift */,
				0EC3B73528067D07005A6A3E /* Assets.xcassets */,
				0EC3B73728067D07005A6A3E /* Preview Content */,
			);
			path = BayTest;
			sourceTree = "<group>";
		};
		0EC3B73728067D07005A6A3E /* Preview Content */ = {
			isa = PBXGroup;
			children = (
				0EC3B73828067D07005A6A3E /* Preview Assets.xcassets */,
			);
			path = "Preview Content";
			sourceTree = "<group>";
		};
		0EC3B74128067D08005A6A3E /* BayTestTests */ = {
			isa = PBXGroup;
			children = (
				0EC3B74228067D08005A6A3E /* BayTestTests.swift */,
			);
			path = BayTestTests;
			sourceTree = "<group>";
		};
		0EC3B74B28067D08005A6A3E /* BayTestUITests */ = {
			isa = PBXGroup;
			children = (
				0EC3B74C28067D08005A6A3E /* BayTestUITests.swift */,
				0EC3B74E28067D08005A6A3E /* BayTestUITestsLaunchTests.swift */,
			);
			path = BayTestUITests;
			sourceTree = "<group>";
		};
		79771D3112768E1DC6267AAC /* Frameworks */ = {
			isa = PBXGroup;
			children = (
				0E3ECB5E28068F100070FA90 /* Data.framework */,
				0E3ECB5B28068F0A0070FA90 /* CurrentWeather.framework */,
				0E3ECB5728068F040070FA90 /* PreviousWeather.framework */,
				0EC3B77F28068232005A6A3E /* Core.framework */,
				348B55CC49AF7BD04EC4BDD0 /* Pods_BayTest.framework */,
				1E123AA873F2F58C87FA4C76 /* Pods_BayTest_BayTestUITests.framework */,
				F2C58E41785604CA723E451B /* Pods_BayTestTests.framework */,
			);
			name = Frameworks;
			sourceTree = "<group>";
		};
		FA7583E57EF35399910AC9A5 /* Pods */ = {
			isa = PBXGroup;
			children = (
				6BAA756C32EAD419E807B001 /* Pods-BayTest.debug.xcconfig */,
				0A5767C3F5DBE206CB6D9E4D /* Pods-BayTest.release.xcconfig */,
				C3955639D858FE6052EDA864 /* Pods-BayTest-BayTestUITests.debug.xcconfig */,
				15CA1F55421CCDAAA6DC64A4 /* Pods-BayTest-BayTestUITests.release.xcconfig */,
				98AF1F6472844464D6DF8B8E /* Pods-BayTestTests.debug.xcconfig */,
				1A0304E148E4F4CBDB833AD2 /* Pods-BayTestTests.release.xcconfig */,
			);
			path = Pods;
			sourceTree = "<group>";
		};
/* End PBXGroup section */

/* Begin PBXNativeTarget section */
		0EC3B72D28067D02005A6A3E /* BayTest */ = {
			isa = PBXNativeTarget;
			buildConfigurationList = 0EC3B75228067D08005A6A3E /* Build configuration list for PBXNativeTarget "BayTest" */;
			buildPhases = (
				12AE8028EE2E85169668CC36 /* [CP] Check Pods Manifest.lock */,
				0EC3B72A28067D02005A6A3E /* Sources */,
				0EC3B72B28067D02005A6A3E /* Frameworks */,
				0EC3B72C28067D02005A6A3E /* Resources */,
			);
			buildRules = (
			);
			dependencies = (
			);
			name = BayTest;
			productName = BayTest;
			productReference = 0EC3B72E28067D02005A6A3E /* BayTest.app */;
			productType = "com.apple.product-type.application";
		};
		0EC3B73D28067D08005A6A3E /* BayTestTests */ = {
			isa = PBXNativeTarget;
			buildConfigurationList = 0EC3B75528067D08005A6A3E /* Build configuration list for PBXNativeTarget "BayTestTests" */;
			buildPhases = (
				C227218940C14596D3373402 /* [CP] Check Pods Manifest.lock */,
				0EC3B73A28067D08005A6A3E /* Sources */,
				0EC3B73B28067D08005A6A3E /* Frameworks */,
				0EC3B73C28067D08005A6A3E /* Resources */,
			);
			buildRules = (
			);
			dependencies = (
				0EC3B74028067D08005A6A3E /* PBXTargetDependency */,
			);
			name = BayTestTests;
			productName = BayTestTests;
			productReference = 0EC3B73E28067D08005A6A3E /* BayTestTests.xctest */;
			productType = "com.apple.product-type.bundle.unit-test";
		};
		0EC3B74728067D08005A6A3E /* BayTestUITests */ = {
			isa = PBXNativeTarget;
			buildConfigurationList = 0EC3B75828067D08005A6A3E /* Build configuration list for PBXNativeTarget "BayTestUITests" */;
			buildPhases = (
				A819A3D597B68EF05508EA8C /* [CP] Check Pods Manifest.lock */,
				0EC3B74428067D08005A6A3E /* Sources */,
				0EC3B74528067D08005A6A3E /* Frameworks */,
				0EC3B74628067D08005A6A3E /* Resources */,
			);
			buildRules = (
			);
			dependencies = (
				0EC3B74A28067D08005A6A3E /* PBXTargetDependency */,
			);
			name = BayTestUITests;
			productName = BayTestUITests;
			productReference = 0EC3B74828067D08005A6A3E /* BayTestUITests.xctest */;
			productType = "com.apple.product-type.bundle.ui-testing";
		};
/* End PBXNativeTarget section */

/* Begin PBXProject section */
		0EC3B72628067D02005A6A3E /* Project object */ = {
			isa = PBXProject;
			attributes = {
				BuildIndependentTargetsInParallel = 1;
				LastSwiftUpdateCheck = 1330;
				LastUpgradeCheck = 1330;
				TargetAttributes = {
					0EC3B72D28067D02005A6A3E = {
						CreatedOnToolsVersion = 13.3;
					};
					0EC3B73D28067D08005A6A3E = {
						CreatedOnToolsVersion = 13.3;
						TestTargetID = 0EC3B72D28067D02005A6A3E;
					};
					0EC3B74728067D08005A6A3E = {
						CreatedOnToolsVersion = 13.3;
						TestTargetID = 0EC3B72D28067D02005A6A3E;
					};
				};
			};
			buildConfigurationList = 0EC3B72928067D02005A6A3E /* Build configuration list for PBXProject "BayTest" */;
			compatibilityVersion = "Xcode 13.0";
			developmentRegion = en;
			hasScannedForEncodings = 0;
			knownRegions = (
				en,
				Base,
			);
			mainGroup = 0EC3B72528067D02005A6A3E;
			productRefGroup = 0EC3B72F28067D02005A6A3E /* Products */;
			projectDirPath = "";
			projectRoot = "";
			targets = (
				0EC3B72D28067D02005A6A3E /* BayTest */,
				0EC3B73D28067D08005A6A3E /* BayTestTests */,
				0EC3B74728067D08005A6A3E /* BayTestUITests */,
			);
		};
/* End PBXProject section */

/* Begin PBXResourcesBuildPhase section */
		0EC3B72C28067D02005A6A3E /* Resources */ = {
			isa = PBXResourcesBuildPhase;
			buildActionMask = 2147483647;
			files = (
				0EC3B73928067D07005A6A3E /* Preview Assets.xcassets in Resources */,
				0EC3B73628067D07005A6A3E /* Assets.xcassets in Resources */,
			);
			runOnlyForDeploymentPostprocessing = 0;
		};
		0EC3B73C28067D08005A6A3E /* Resources */ = {
			isa = PBXResourcesBuildPhase;
			buildActionMask = 2147483647;
			files = (
			);
			runOnlyForDeploymentPostprocessing = 0;
		};
		0EC3B74628067D08005A6A3E /* Resources */ = {
			isa = PBXResourcesBuildPhase;
			buildActionMask = 2147483647;
			files = (
			);
			runOnlyForDeploymentPostprocessing = 0;
		};
/* End PBXResourcesBuildPhase section */

/* Begin PBXShellScriptBuildPhase section */
		12AE8028EE2E85169668CC36 /* [CP] Check Pods Manifest.lock */ = {
			isa = PBXShellScriptBuildPhase;
			buildActionMask = 2147483647;
			files = (
			);
			inputFileListPaths = (
			);
			inputPaths = (
				"${PODS_PODFILE_DIR_PATH}/Podfile.lock",
				"${PODS_ROOT}/Manifest.lock",
			);
			name = "[CP] Check Pods Manifest.lock";
			outputFileListPaths = (
			);
			outputPaths = (
				"$(DERIVED_FILE_DIR)/Pods-BayTest-checkManifestLockResult.txt",
			);
			runOnlyForDeploymentPostprocessing = 0;
			shellPath = /bin/sh;
			shellScript = "diff \"${PODS_PODFILE_DIR_PATH}/Podfile.lock\" \"${PODS_ROOT}/Manifest.lock\" > /dev/null\nif [ $? != 0 ] ; then\n    # print error to STDERR\n    echo \"error: The sandbox is not in sync with the Podfile.lock. Run 'pod install' or update your CocoaPods installation.\" >&2\n    exit 1\nfi\n# This output is used by Xcode 'outputs' to avoid re-running this script phase.\necho \"SUCCESS\" > \"${SCRIPT_OUTPUT_FILE_0}\"\n";
			showEnvVarsInLog = 0;
		};
		A819A3D597B68EF05508EA8C /* [CP] Check Pods Manifest.lock */ = {
			isa = PBXShellScriptBuildPhase;
			buildActionMask = 2147483647;
			files = (
			);
			inputFileListPaths = (
			);
			inputPaths = (
				"${PODS_PODFILE_DIR_PATH}/Podfile.lock",
				"${PODS_ROOT}/Manifest.lock",
			);
			name = "[CP] Check Pods Manifest.lock";
			outputFileListPaths = (
			);
			outputPaths = (
				"$(DERIVED_FILE_DIR)/Pods-BayTest-BayTestUITests-checkManifestLockResult.txt",
			);
			runOnlyForDeploymentPostprocessing = 0;
			shellPath = /bin/sh;
			shellScript = "diff \"${PODS_PODFILE_DIR_PATH}/Podfile.lock\" \"${PODS_ROOT}/Manifest.lock\" > /dev/null\nif [ $? != 0 ] ; then\n    # print error to STDERR\n    echo \"error: The sandbox is not in sync with the Podfile.lock. Run 'pod install' or update your CocoaPods installation.\" >&2\n    exit 1\nfi\n# This output is used by Xcode 'outputs' to avoid re-running this script phase.\necho \"SUCCESS\" > \"${SCRIPT_OUTPUT_FILE_0}\"\n";
			showEnvVarsInLog = 0;
		};
		C227218940C14596D3373402 /* [CP] Check Pods Manifest.lock */ = {
			isa = PBXShellScriptBuildPhase;
			buildActionMask = 2147483647;
			files = (
			);
			inputFileListPaths = (
			);
			inputPaths = (
				"${PODS_PODFILE_DIR_PATH}/Podfile.lock",
				"${PODS_ROOT}/Manifest.lock",
			);
			name = "[CP] Check Pods Manifest.lock";
			outputFileListPaths = (
			);
			outputPaths = (
				"$(DERIVED_FILE_DIR)/Pods-BayTestTests-checkManifestLockResult.txt",
			);
			runOnlyForDeploymentPostprocessing = 0;
			shellPath = /bin/sh;
			shellScript = "diff \"${PODS_PODFILE_DIR_PATH}/Podfile.lock\" \"${PODS_ROOT}/Manifest.lock\" > /dev/null\nif [ $? != 0 ] ; then\n    # print error to STDERR\n    echo \"error: The sandbox is not in sync with the Podfile.lock. Run 'pod install' or update your CocoaPods installation.\" >&2\n    exit 1\nfi\n# This output is used by Xcode 'outputs' to avoid re-running this script phase.\necho \"SUCCESS\" > \"${SCRIPT_OUTPUT_FILE_0}\"\n";
			showEnvVarsInLog = 0;
		};
/* End PBXShellScriptBuildPhase section */

/* Begin PBXSourcesBuildPhase section */
		0EC3B72A28067D02005A6A3E /* Sources */ = {
			isa = PBXSourcesBuildPhase;
			buildActionMask = 2147483647;
			files = (
				0EC3B73428067D02005A6A3E /* ContentView.swift in Sources */,
				0EC3B73228067D02005A6A3E /* BayTestApp.swift in Sources */,
			);
			runOnlyForDeploymentPostprocessing = 0;
		};
		0EC3B73A28067D08005A6A3E /* Sources */ = {
			isa = PBXSourcesBuildPhase;
			buildActionMask = 2147483647;
			files = (
				0EC3B74328067D08005A6A3E /* BayTestTests.swift in Sources */,
			);
			runOnlyForDeploymentPostprocessing = 0;
		};
		0EC3B74428067D08005A6A3E /* Sources */ = {
			isa = PBXSourcesBuildPhase;
			buildActionMask = 2147483647;
			files = (
				0EC3B74D28067D08005A6A3E /* BayTestUITests.swift in Sources */,
				0EC3B74F28067D08005A6A3E /* BayTestUITestsLaunchTests.swift in Sources */,
			);
			runOnlyForDeploymentPostprocessing = 0;
		};
/* End PBXSourcesBuildPhase section */

/* Begin PBXTargetDependency section */
		0EC3B74028067D08005A6A3E /* PBXTargetDependency */ = {
			isa = PBXTargetDependency;
			target = 0EC3B72D28067D02005A6A3E /* BayTest */;
			targetProxy = 0EC3B73F28067D08005A6A3E /* PBXContainerItemProxy */;
		};
		0EC3B74A28067D08005A6A3E /* PBXTargetDependency */ = {
			isa = PBXTargetDependency;
			target = 0EC3B72D28067D02005A6A3E /* BayTest */;
			targetProxy = 0EC3B74928067D08005A6A3E /* PBXContainerItemProxy */;
		};
/* End PBXTargetDependency section */

/* Begin XCBuildConfiguration section */
		0EC3B75028067D08005A6A3E /* Debug */ = {
			isa = XCBuildConfiguration;
			buildSettings = {
				ALWAYS_SEARCH_USER_PATHS = NO;
				CLANG_ANALYZER_NONNULL = YES;
				CLANG_ANALYZER_NUMBER_OBJECT_CONVERSION = YES_AGGRESSIVE;
				CLANG_CXX_LANGUAGE_STANDARD = "gnu++17";
				CLANG_ENABLE_MODULES = YES;
				CLANG_ENABLE_OBJC_ARC = YES;
				CLANG_ENABLE_OBJC_WEAK = YES;
				CLANG_WARN_BLOCK_CAPTURE_AUTORELEASING = YES;
				CLANG_WARN_BOOL_CONVERSION = YES;
				CLANG_WARN_COMMA = YES;
				CLANG_WARN_CONSTANT_CONVERSION = YES;
				CLANG_WARN_DEPRECATED_OBJC_IMPLEMENTATIONS = YES;
				CLANG_WARN_DIRECT_OBJC_ISA_USAGE = YES_ERROR;
				CLANG_WARN_DOCUMENTATION_COMMENTS = YES;
				CLANG_WARN_EMPTY_BODY = YES;
				CLANG_WARN_ENUM_CONVERSION = YES;
				CLANG_WARN_INFINITE_RECURSION = YES;
				CLANG_WARN_INT_CONVERSION = YES;
				CLANG_WARN_NON_LITERAL_NULL_CONVERSION = YES;
				CLANG_WARN_OBJC_IMPLICIT_RETAIN_SELF = YES;
				CLANG_WARN_OBJC_LITERAL_CONVERSION = YES;
				CLANG_WARN_OBJC_ROOT_CLASS = YES_ERROR;
				CLANG_WARN_QUOTED_INCLUDE_IN_FRAMEWORK_HEADER = YES;
				CLANG_WARN_RANGE_LOOP_ANALYSIS = YES;
				CLANG_WARN_STRICT_PROTOTYPES = YES;
				CLANG_WARN_SUSPICIOUS_MOVE = YES;
				CLANG_WARN_UNGUARDED_AVAILABILITY = YES_AGGRESSIVE;
				CLANG_WARN_UNREACHABLE_CODE = YES;
				CLANG_WARN__DUPLICATE_METHOD_MATCH = YES;
				COPY_PHASE_STRIP = NO;
				DEBUG_INFORMATION_FORMAT = dwarf;
				ENABLE_STRICT_OBJC_MSGSEND = YES;
				ENABLE_TESTABILITY = YES;
				GCC_C_LANGUAGE_STANDARD = gnu11;
				GCC_DYNAMIC_NO_PIC = NO;
				GCC_NO_COMMON_BLOCKS = YES;
				GCC_OPTIMIZATION_LEVEL = 0;
				GCC_PREPROCESSOR_DEFINITIONS = (
					"DEBUG=1",
					"$(inherited)",
				);
				GCC_WARN_64_TO_32_BIT_CONVERSION = YES;
				GCC_WARN_ABOUT_RETURN_TYPE = YES_ERROR;
				GCC_WARN_UNDECLARED_SELECTOR = YES;
				GCC_WARN_UNINITIALIZED_AUTOS = YES_AGGRESSIVE;
				GCC_WARN_UNUSED_FUNCTION = YES;
				GCC_WARN_UNUSED_VARIABLE = YES;
				IPHONEOS_DEPLOYMENT_TARGET = 15.4;
				MTL_ENABLE_DEBUG_INFO = INCLUDE_SOURCE;
				MTL_FAST_MATH = YES;
				ONLY_ACTIVE_ARCH = YES;
				SDKROOT = iphoneos;
				SWIFT_ACTIVE_COMPILATION_CONDITIONS = DEBUG;
				SWIFT_OPTIMIZATION_LEVEL = "-Onone";
			};
			name = Debug;
		};
		0EC3B75128067D08005A6A3E /* Release */ = {
			isa = XCBuildConfiguration;
			buildSettings = {
				ALWAYS_SEARCH_USER_PATHS = NO;
				CLANG_ANALYZER_NONNULL = YES;
				CLANG_ANALYZER_NUMBER_OBJECT_CONVERSION = YES_AGGRESSIVE;
				CLANG_CXX_LANGUAGE_STANDARD = "gnu++17";
				CLANG_ENABLE_MODULES = YES;
				CLANG_ENABLE_OBJC_ARC = YES;
				CLANG_ENABLE_OBJC_WEAK = YES;
				CLANG_WARN_BLOCK_CAPTURE_AUTORELEASING = YES;
				CLANG_WARN_BOOL_CONVERSION = YES;
				CLANG_WARN_COMMA = YES;
				CLANG_WARN_CONSTANT_CONVERSION = YES;
				CLANG_WARN_DEPRECATED_OBJC_IMPLEMENTATIONS = YES;
				CLANG_WARN_DIRECT_OBJC_ISA_USAGE = YES_ERROR;
				CLANG_WARN_DOCUMENTATION_COMMENTS = YES;
				CLANG_WARN_EMPTY_BODY = YES;
				CLANG_WARN_ENUM_CONVERSION = YES;
				CLANG_WARN_INFINITE_RECURSION = YES;
				CLANG_WARN_INT_CONVERSION = YES;
				CLANG_WARN_NON_LITERAL_NULL_CONVERSION = YES;
				CLANG_WARN_OBJC_IMPLICIT_RETAIN_SELF = YES;
				CLANG_WARN_OBJC_LITERAL_CONVERSION = YES;
				CLANG_WARN_OBJC_ROOT_CLASS = YES_ERROR;
				CLANG_WARN_QUOTED_INCLUDE_IN_FRAMEWORK_HEADER = YES;
				CLANG_WARN_RANGE_LOOP_ANALYSIS = YES;
				CLANG_WARN_STRICT_PROTOTYPES = YES;
				CLANG_WARN_SUSPICIOUS_MOVE = YES;
				CLANG_WARN_UNGUARDED_AVAILABILITY = YES_AGGRESSIVE;
				CLANG_WARN_UNREACHABLE_CODE = YES;
				CLANG_WARN__DUPLICATE_METHOD_MATCH = YES;
				COPY_PHASE_STRIP = NO;
				DEBUG_INFORMATION_FORMAT = "dwarf-with-dsym";
				ENABLE_NS_ASSERTIONS = NO;
				ENABLE_STRICT_OBJC_MSGSEND = YES;
				GCC_C_LANGUAGE_STANDARD = gnu11;
				GCC_NO_COMMON_BLOCKS = YES;
				GCC_WARN_64_TO_32_BIT_CONVERSION = YES;
				GCC_WARN_ABOUT_RETURN_TYPE = YES_ERROR;
				GCC_WARN_UNDECLARED_SELECTOR = YES;
				GCC_WARN_UNINITIALIZED_AUTOS = YES_AGGRESSIVE;
				GCC_WARN_UNUSED_FUNCTION = YES;
				GCC_WARN_UNUSED_VARIABLE = YES;
				IPHONEOS_DEPLOYMENT_TARGET = 15.4;
				MTL_ENABLE_DEBUG_INFO = NO;
				MTL_FAST_MATH = YES;
				SDKROOT = iphoneos;
				SWIFT_COMPILATION_MODE = wholemodule;
				SWIFT_OPTIMIZATION_LEVEL = "-O";
				VALIDATE_PRODUCT = YES;
			};
			name = Release;
		};
		0EC3B75328067D08005A6A3E /* Debug */ = {
			isa = XCBuildConfiguration;
			baseConfigurationReference = 6BAA756C32EAD419E807B001 /* Pods-BayTest.debug.xcconfig */;
			buildSettings = {
				ASSETCATALOG_COMPILER_APPICON_NAME = AppIcon;
				ASSETCATALOG_COMPILER_GLOBAL_ACCENT_COLOR_NAME = AccentColor;
				CODE_SIGN_STYLE = Automatic;
				CURRENT_PROJECT_VERSION = 1;
				DEVELOPMENT_ASSET_PATHS = "\"BayTest/Preview Content\"";
				DEVELOPMENT_TEAM = B58M3A7P45;
				ENABLE_PREVIEWS = YES;
				GENERATE_INFOPLIST_FILE = YES;
				INFOPLIST_KEY_UIApplicationSceneManifest_Generation = YES;
				INFOPLIST_KEY_UIApplicationSupportsIndirectInputEvents = YES;
				INFOPLIST_KEY_UILaunchScreen_Generation = YES;
				INFOPLIST_KEY_UISupportedInterfaceOrientations_iPad = "UIInterfaceOrientationPortrait UIInterfaceOrientationPortraitUpsideDown UIInterfaceOrientationLandscapeLeft UIInterfaceOrientationLandscapeRight";
				INFOPLIST_KEY_UISupportedInterfaceOrientations_iPhone = "UIInterfaceOrientationPortrait UIInterfaceOrientationLandscapeLeft UIInterfaceOrientationLandscapeRight";
				LD_RUNPATH_SEARCH_PATHS = (
					"$(inherited)",
					"@executable_path/Frameworks",
				);
				MARKETING_VERSION = 1.0;
				PRODUCT_BUNDLE_IDENTIFIER = com.rolland.BayTest;
				PRODUCT_NAME = "$(TARGET_NAME)";
				SWIFT_EMIT_LOC_STRINGS = YES;
				SWIFT_VERSION = 5.0;
				TARGETED_DEVICE_FAMILY = "1,2";
			};
			name = Debug;
		};
		0EC3B75428067D08005A6A3E /* Release */ = {
			isa = XCBuildConfiguration;
			baseConfigurationReference = 0A5767C3F5DBE206CB6D9E4D /* Pods-BayTest.release.xcconfig */;
			buildSettings = {
				ASSETCATALOG_COMPILER_APPICON_NAME = AppIcon;
				ASSETCATALOG_COMPILER_GLOBAL_ACCENT_COLOR_NAME = AccentColor;
				CODE_SIGN_STYLE = Automatic;
				CURRENT_PROJECT_VERSION = 1;
				DEVELOPMENT_ASSET_PATHS = "\"BayTest/Preview Content\"";
				DEVELOPMENT_TEAM = B58M3A7P45;
				ENABLE_PREVIEWS = YES;
				GENERATE_INFOPLIST_FILE = YES;
				INFOPLIST_KEY_UIApplicationSceneManifest_Generation = YES;
				INFOPLIST_KEY_UIApplicationSupportsIndirectInputEvents = YES;
				INFOPLIST_KEY_UILaunchScreen_Generation = YES;
				INFOPLIST_KEY_UISupportedInterfaceOrientations_iPad = "UIInterfaceOrientationPortrait UIInterfaceOrientationPortraitUpsideDown UIInterfaceOrientationLandscapeLeft UIInterfaceOrientationLandscapeRight";
				INFOPLIST_KEY_UISupportedInterfaceOrientations_iPhone = "UIInterfaceOrientationPortrait UIInterfaceOrientationLandscapeLeft UIInterfaceOrientationLandscapeRight";
				LD_RUNPATH_SEARCH_PATHS = (
					"$(inherited)",
					"@executable_path/Frameworks",
				);
				MARKETING_VERSION = 1.0;
				PRODUCT_BUNDLE_IDENTIFIER = com.rolland.BayTest;
				PRODUCT_NAME = "$(TARGET_NAME)";
				SWIFT_EMIT_LOC_STRINGS = YES;
				SWIFT_VERSION = 5.0;
				TARGETED_DEVICE_FAMILY = "1,2";
			};
			name = Release;
		};
		0EC3B75628067D08005A6A3E /* Debug */ = {
			isa = XCBuildConfiguration;
			baseConfigurationReference = 98AF1F6472844464D6DF8B8E /* Pods-BayTestTests.debug.xcconfig */;
			buildSettings = {
				ALWAYS_EMBED_SWIFT_STANDARD_LIBRARIES = YES;
				BUNDLE_LOADER = "$(TEST_HOST)";
				CODE_SIGN_STYLE = Automatic;
				CURRENT_PROJECT_VERSION = 1;
				DEVELOPMENT_TEAM = B58M3A7P45;
				GENERATE_INFOPLIST_FILE = YES;
				IPHONEOS_DEPLOYMENT_TARGET = 15.4;
				MARKETING_VERSION = 1.0;
				PRODUCT_BUNDLE_IDENTIFIER = com.rolland.BayTestTests;
				PRODUCT_NAME = "$(TARGET_NAME)";
				SWIFT_EMIT_LOC_STRINGS = NO;
				SWIFT_VERSION = 5.0;
				TARGETED_DEVICE_FAMILY = "1,2";
				TEST_HOST = "$(BUILT_PRODUCTS_DIR)/BayTest.app/BayTest";
			};
			name = Debug;
		};
		0EC3B75728067D08005A6A3E /* Release */ = {
			isa = XCBuildConfiguration;
			baseConfigurationReference = 1A0304E148E4F4CBDB833AD2 /* Pods-BayTestTests.release.xcconfig */;
			buildSettings = {
				ALWAYS_EMBED_SWIFT_STANDARD_LIBRARIES = YES;
				BUNDLE_LOADER = "$(TEST_HOST)";
				CODE_SIGN_STYLE = Automatic;
				CURRENT_PROJECT_VERSION = 1;
				DEVELOPMENT_TEAM = B58M3A7P45;
				GENERATE_INFOPLIST_FILE = YES;
				IPHONEOS_DEPLOYMENT_TARGET = 15.4;
				MARKETING_VERSION = 1.0;
				PRODUCT_BUNDLE_IDENTIFIER = com.rolland.BayTestTests;
				PRODUCT_NAME = "$(TARGET_NAME)";
				SWIFT_EMIT_LOC_STRINGS = NO;
				SWIFT_VERSION = 5.0;
				TARGETED_DEVICE_FAMILY = "1,2";
				TEST_HOST = "$(BUILT_PRODUCTS_DIR)/BayTest.app/BayTest";
			};
			name = Release;
		};
		0EC3B75928067D08005A6A3E /* Debug */ = {
			isa = XCBuildConfiguration;
			baseConfigurationReference = C3955639D858FE6052EDA864 /* Pods-BayTest-BayTestUITests.debug.xcconfig */;
			buildSettings = {
				ALWAYS_EMBED_SWIFT_STANDARD_LIBRARIES = YES;
				CODE_SIGN_STYLE = Automatic;
				CURRENT_PROJECT_VERSION = 1;
				DEVELOPMENT_TEAM = B58M3A7P45;
				GENERATE_INFOPLIST_FILE = YES;
				MARKETING_VERSION = 1.0;
				PRODUCT_BUNDLE_IDENTIFIER = com.rolland.BayTestUITests;
				PRODUCT_NAME = "$(TARGET_NAME)";
				SWIFT_EMIT_LOC_STRINGS = NO;
				SWIFT_VERSION = 5.0;
				TARGETED_DEVICE_FAMILY = "1,2";
				TEST_TARGET_NAME = BayTest;
			};
			name = Debug;
		};
		0EC3B75A28067D08005A6A3E /* Release */ = {
			isa = XCBuildConfiguration;
			baseConfigurationReference = 15CA1F55421CCDAAA6DC64A4 /* Pods-BayTest-BayTestUITests.release.xcconfig */;
			buildSettings = {
				ALWAYS_EMBED_SWIFT_STANDARD_LIBRARIES = YES;
				CODE_SIGN_STYLE = Automatic;
				CURRENT_PROJECT_VERSION = 1;
				DEVELOPMENT_TEAM = B58M3A7P45;
				GENERATE_INFOPLIST_FILE = YES;
				MARKETING_VERSION = 1.0;
				PRODUCT_BUNDLE_IDENTIFIER = com.rolland.BayTestUITests;
				PRODUCT_NAME = "$(TARGET_NAME)";
				SWIFT_EMIT_LOC_STRINGS = NO;
				SWIFT_VERSION = 5.0;
				TARGETED_DEVICE_FAMILY = "1,2";
				TEST_TARGET_NAME = BayTest;
			};
			name = Release;
		};
/* End XCBuildConfiguration section */

/* Begin XCConfigurationList section */
		0EC3B72928067D02005A6A3E /* Build configuration list for PBXProject "BayTest" */ = {
			isa = XCConfigurationList;
			buildConfigurations = (
				0EC3B75028067D08005A6A3E /* Debug */,
				0EC3B75128067D08005A6A3E /* Release */,
			);
			defaultConfigurationIsVisible = 0;
			defaultConfigurationName = Release;
		};
		0EC3B75228067D08005A6A3E /* Build configuration list for PBXNativeTarget "BayTest" */ = {
			isa = XCConfigurationList;
			buildConfigurations = (
				0EC3B75328067D08005A6A3E /* Debug */,
				0EC3B75428067D08005A6A3E /* Release */,
			);
			defaultConfigurationIsVisible = 0;
			defaultConfigurationName = Release;
		};
		0EC3B75528067D08005A6A3E /* Build configuration list for PBXNativeTarget "BayTestTests" */ = {
			isa = XCConfigurationList;
			buildConfigurations = (
				0EC3B75628067D08005A6A3E /* Debug */,
				0EC3B75728067D08005A6A3E /* Release */,
			);
			defaultConfigurationIsVisible = 0;
			defaultConfigurationName = Release;
		};
		0EC3B75828067D08005A6A3E /* Build configuration list for PBXNativeTarget "BayTestUITests" */ = {
			isa = XCConfigurationList;
			buildConfigurations = (
				0EC3B75928067D08005A6A3E /* Debug */,
				0EC3B75A28067D08005A6A3E /* Release */,
			);
			defaultConfigurationIsVisible = 0;
			defaultConfigurationName = Release;
		};
/* End XCConfigurationList section */
	};
	rootObject = 0EC3B72628067D02005A6A3E /* Project object */;
}
